
Microsoft Visual Studio Solution File, Format Version 12.00
# Visual Studio Version 17
VisualStudioVersion = 17.9.34902.65
MinimumVisualStudioVersion = 10.0.40219.1
Project("{FAE04EC0-301F-11D3-BF4B-00C04F79EFBC}") = "M2Saas.Crm.Website", "projects\M2Saas.Crm.Website\M2Saas.Crm.Website.csproj", "{D2702F7C-1852-4112-9B58-52CC2D5F7805}"
EndProject
Global
	GlobalSection(SolutionConfigurationPlatforms) = preSolution
		Debug|Any CPU = Debug|Any CPU
		Release|Any CPU = Release|Any CPU
	EndGlobalSection
	GlobalSection(ProjectConfigurationPlatforms) = postSolution
		{D2702F7C-1852-4112-9B58-52CC2D5F7805}.Debug|Any CPU.ActiveCfg = Debug|Any CPU
		{D2702F7C-1852-4112-9B58-52CC2D5F7805}.Debug|Any CPU.Build.0 = Debug|Any CPU
		{D2702F7C-1852-4112-9B58-52CC2D5F7805}.Release|Any CPU.ActiveCfg = Release|Any CPU
		{D2702F7C-1852-4112-9B58-52CC2D5F7805}.Release|Any CPU.Build.0 = Release|Any CPU
	EndGlobalSection
	GlobalSection(SolutionProperties) = preSolution
		HideSolutionNode = FALSE
	EndGlobalSection
	GlobalSection(ExtensibilityGlobals) = postSolution
		SolutionGuid = {732810C4-1FA5-4E2D-8BC8-DF45FE808E39}
	EndGlobalSection
EndGlobal
